
Microsoft Visual Studio Solution File, Format Version 12.00
# Visual Studio Version 17
VisualStudioVersion = 17.4.33110.190
MinimumVisualStudioVersion = 10.0.40219.1
Project("{8BC9CEB8-8B4A-11D0-8D11-00A0C91BC942}") = "Bookface", "Bookface\Bookface.vcxproj", "{74C7B126-74C4-4150-8647-F2CC00B56CB2}"
EndProject
Global
	GlobalSection(SolutionConfigurationPlatforms) = preSolution
		Debug|x64 = Debug|x64
		Debug|x86 = Debug|x86
		Release|x64 = Release|x64
		Release|x86 = Release|x86
	EndGlobalSection
	GlobalSection(ProjectConfigurationPlatforms) = postSolution
		{74C7B126-74C4-4150-8647-F2CC00B56CB2}.Debug|x64.ActiveCfg = Debug|x64
		{74C7B126-74C4-4150-8647-F2CC00B56CB2}.Debug|x64.Build.0 = Debug|x64
		{74C7B126-74C4-4150-8647-F2CC00B56CB2}.Debug|x86.ActiveCfg = Debug|Win32
		{74C7B126-74C4-4150-8647-F2CC00B56CB2}.Debug|x86.Build.0 = Debug|Win32
		{74C7B126-74C4-4150-8647-F2CC00B56CB2}.Release|x64.ActiveCfg = Release|x64
		{74C7B126-74C4-4150-8647-F2CC00B56CB2}.Release|x64.Build.0 = Release|x64
		{74C7B126-74C4-4150-8647-F2CC00B56CB2}.Release|x86.ActiveCfg = Release|Win32
		{74C7B126-74C4-4150-8647-F2CC00B56CB2}.Release|x86.Build.0 = Release|Win32
	EndGlobalSection
	GlobalSection(SolutionProperties) = preSolution
		HideSolutionNode = FALSE
	EndGlobalSection
	GlobalSection(ExtensibilityGlobals) = postSolution
		SolutionGuid = {1526B8AD-2FB4-43CC-BE20-EF64469102BB}
	EndGlobalSection
EndGlobal
